
Microsoft Visual Studio Solution File, Format Version 12.00
# Visual Studio Version 16
VisualStudioVersion = 16.0.28803.452
MinimumVisualStudioVersion = 10.0.40219.1
Project("{9A19103F-16F7-4668-BE54-9A1E7A4F7556}") = "CodeRunner", "src\CodeRunner\CodeRunner.csproj", "{00F38627-3F8B-4D25-AB25-28E07EE2ACBD}"
EndProject
Project("{9A19103F-16F7-4668-BE54-9A1E7A4F7556}") = "CodeRunner.Core", "src\CodeRunner.Core\CodeRunner.Core.csproj", "{A1C0BDD5-E6B5-4D36-AD96-4FB537C6141D}"
EndProject
Project("{2150E333-8FDC-42A3-9474-1A3956D46DE8}") = "test", "test", "{EE4BBD5D-7D41-437C-B0D3-FBFA0248EE02}"
EndProject
Project("{9A19103F-16F7-4668-BE54-9A1E7A4F7556}") = "Test.Base", "test\Test.Base\Test.Base.csproj", "{0842BE96-B1C5-4AC1-8EF0-AA436B47A1A9}"
EndProject
Project("{9A19103F-16F7-4668-BE54-9A1E7A4F7556}") = "Test.Core", "test\Test.Core\Test.Core.csproj", "{19C01340-0655-490A-BF28-C33053D570B8}"
EndProject
Project("{9A19103F-16F7-4668-BE54-9A1E7A4F7556}") = "Test.App", "test\Test.App\Test.App.csproj", "{86307A19-9C3D-4FE0-A87D-5EA3AA9CD758}"
EndProject
Project("{9A19103F-16F7-4668-BE54-9A1E7A4F7556}") = "CodeRunner.Managements", "src\CodeRunner.Managements\CodeRunner.Managements.csproj", "{4AFF189F-9A82-4081-8039-7C2B345BAEE8}"
EndProject
Project("{9A19103F-16F7-4668-BE54-9A1E7A4F7556}") = "Test.Managements", "test\Test.Managements\Test.Managements.csproj", "{29864AB3-A0E5-496E-92C2-E8610BE91770}"
EndProject
Project("{9A19103F-16F7-4668-BE54-9A1E7A4F7556}") = "CodeRunner.Resources.Programming", "src\CodeRunner.Resources.Programming\CodeRunner.Resources.Programming.csproj", "{F1B8B074-1358-4976-AA83-B9EBFF06E3ED}"
EndProject
Project("{FAE04EC0-301F-11D3-BF4B-00C04F79EFBC}") = "CodeRunner.Extensions.Core", "src\CodeRunner.Extensions.Core\CodeRunner.Extensions.Core.csproj", "{BF366281-2AE6-4722-9DFD-A143B1D7F26B}"
EndProject
Global
	GlobalSection(SolutionConfigurationPlatforms) = preSolution
		Debug|Any CPU = Debug|Any CPU
		Release|Any CPU = Release|Any CPU
	EndGlobalSection
	GlobalSection(ProjectConfigurationPlatforms) = postSolution
		{00F38627-3F8B-4D25-AB25-28E07EE2ACBD}.Debug|Any CPU.ActiveCfg = Debug|Any CPU
		{00F38627-3F8B-4D25-AB25-28E07EE2ACBD}.Debug|Any CPU.Build.0 = Debug|Any CPU
		{00F38627-3F8B-4D25-AB25-28E07EE2ACBD}.Release|Any CPU.ActiveCfg = Release|Any CPU
		{00F38627-3F8B-4D25-AB25-28E07EE2ACBD}.Release|Any CPU.Build.0 = Release|Any CPU
		{A1C0BDD5-E6B5-4D36-AD96-4FB537C6141D}.Debug|Any CPU.ActiveCfg = Debug|Any CPU
		{A1C0BDD5-E6B5-4D36-AD96-4FB537C6141D}.Debug|Any CPU.Build.0 = Debug|Any CPU
		{A1C0BDD5-E6B5-4D36-AD96-4FB537C6141D}.Release|Any CPU.ActiveCfg = Release|Any CPU
		{A1C0BDD5-E6B5-4D36-AD96-4FB537C6141D}.Release|Any CPU.Build.0 = Release|Any CPU
		{0842BE96-B1C5-4AC1-8EF0-AA436B47A1A9}.Debug|Any CPU.ActiveCfg = Debug|Any CPU
		{0842BE96-B1C5-4AC1-8EF0-AA436B47A1A9}.Debug|Any CPU.Build.0 = Debug|Any CPU
		{0842BE96-B1C5-4AC1-8EF0-AA436B47A1A9}.Release|Any CPU.ActiveCfg = Release|Any CPU
		{0842BE96-B1C5-4AC1-8EF0-AA436B47A1A9}.Release|Any CPU.Build.0 = Release|Any CPU
		{19C01340-0655-490A-BF28-C33053D570B8}.Debug|Any CPU.ActiveCfg = Debug|Any CPU
		{19C01340-0655-490A-BF28-C33053D570B8}.Debug|Any CPU.Build.0 = Debug|Any CPU
		{19C01340-0655-490A-BF28-C33053D570B8}.Release|Any CPU.ActiveCfg = Release|Any CPU
		{19C01340-0655-490A-BF28-C33053D570B8}.Release|Any CPU.Build.0 = Release|Any CPU
		{86307A19-9C3D-4FE0-A87D-5EA3AA9CD758}.Debug|Any CPU.ActiveCfg = Debug|Any CPU
		{86307A19-9C3D-4FE0-A87D-5EA3AA9CD758}.Debug|Any CPU.Build.0 = Debug|Any CPU
		{86307A19-9C3D-4FE0-A87D-5EA3AA9CD758}.Release|Any CPU.ActiveCfg = Release|Any CPU
		{86307A19-9C3D-4FE0-A87D-5EA3AA9CD758}.Release|Any CPU.Build.0 = Release|Any CPU
		{4AFF189F-9A82-4081-8039-7C2B345BAEE8}.Debug|Any CPU.ActiveCfg = Debug|Any CPU
		{4AFF189F-9A82-4081-8039-7C2B345BAEE8}.Debug|Any CPU.Build.0 = Debug|Any CPU
		{4AFF189F-9A82-4081-8039-7C2B345BAEE8}.Release|Any CPU.ActiveCfg = Release|Any CPU
		{4AFF189F-9A82-4081-8039-7C2B345BAEE8}.Release|Any CPU.Build.0 = Release|Any CPU
		{29864AB3-A0E5-496E-92C2-E8610BE91770}.Debug|Any CPU.ActiveCfg = Debug|Any CPU
		{29864AB3-A0E5-496E-92C2-E8610BE91770}.Debug|Any CPU.Build.0 = Debug|Any CPU
		{29864AB3-A0E5-496E-92C2-E8610BE91770}.Release|Any CPU.ActiveCfg = Release|Any CPU
		{29864AB3-A0E5-496E-92C2-E8610BE91770}.Release|Any CPU.Build.0 = Release|Any CPU
		{F1B8B074-1358-4976-AA83-B9EBFF06E3ED}.Debug|Any CPU.ActiveCfg = Debug|Any CPU
		{F1B8B074-1358-4976-AA83-B9EBFF06E3ED}.Debug|Any CPU.Build.0 = Debug|Any CPU
		{F1B8B074-1358-4976-AA83-B9EBFF06E3ED}.Release|Any CPU.ActiveCfg = Release|Any CPU
		{F1B8B074-1358-4976-AA83-B9EBFF06E3ED}.Release|Any CPU.Build.0 = Release|Any CPU
		{BF366281-2AE6-4722-9DFD-A143B1D7F26B}.Debug|Any CPU.ActiveCfg = Debug|Any CPU
		{BF366281-2AE6-4722-9DFD-A143B1D7F26B}.Debug|Any CPU.Build.0 = Debug|Any CPU
		{BF366281-2AE6-4722-9DFD-A143B1D7F26B}.Release|Any CPU.ActiveCfg = Release|Any CPU
		{BF366281-2AE6-4722-9DFD-A143B1D7F26B}.Release|Any CPU.Build.0 = Release|Any CPU
	EndGlobalSection
	GlobalSection(SolutionProperties) = preSolution
		HideSolutionNode = FALSE
	EndGlobalSection
	GlobalSection(NestedProjects) = preSolution
		{0842BE96-B1C5-4AC1-8EF0-AA436B47A1A9} = {EE4BBD5D-7D41-437C-B0D3-FBFA0248EE02}
		{19C01340-0655-490A-BF28-C33053D570B8} = {EE4BBD5D-7D41-437C-B0D3-FBFA0248EE02}
		{86307A19-9C3D-4FE0-A87D-5EA3AA9CD758} = {EE4BBD5D-7D41-437C-B0D3-FBFA0248EE02}
		{29864AB3-A0E5-496E-92C2-E8610BE91770} = {EE4BBD5D-7D41-437C-B0D3-FBFA0248EE02}
	EndGlobalSection
	GlobalSection(ExtensibilityGlobals) = postSolution
		SolutionGuid = {D32C7042-DAAC-46FD-9372-4CD9122C0269}
	EndGlobalSection
EndGlobal
